
Microsoft Visual Studio Solution File, Format Version 12.00
# Visual Studio Version 17
VisualStudioVersion = 17.10.35013.160
MinimumVisualStudioVersion = 10.0.40219.1
Project("{FAE04EC0-301F-11D3-BF4B-00C04F79EFBC}") = "API-School", "API-School\API-School.csproj", "{A176DE2F-32B9-411A-96D4-AEA066302F60}"
EndProject
Project("{FAE04EC0-301F-11D3-BF4B-00C04F79EFBC}") = "StudentApiTest", "StudentApiTest\StudentApiTest.csproj", "{F20B1407-2CF4-46F5-A650-154B39D4999A}"
EndProject
Global
	GlobalSection(SolutionConfigurationPlatforms) = preSolution
		Debug|Any CPU = Debug|Any CPU
		Release|Any CPU = Release|Any CPU
	EndGlobalSection
	GlobalSection(ProjectConfigurationPlatforms) = postSolution
		{A176DE2F-32B9-411A-96D4-AEA066302F60}.Debug|Any CPU.ActiveCfg = Debug|Any CPU
		{A176DE2F-32B9-411A-96D4-AEA066302F60}.Debug|Any CPU.Build.0 = Debug|Any CPU
		{A176DE2F-32B9-411A-96D4-AEA066302F60}.Release|Any CPU.ActiveCfg = Release|Any CPU
		{A176DE2F-32B9-411A-96D4-AEA066302F60}.Release|Any CPU.Build.0 = Release|Any CPU
		{F20B1407-2CF4-46F5-A650-154B39D4999A}.Debug|Any CPU.ActiveCfg = Debug|Any CPU
		{F20B1407-2CF4-46F5-A650-154B39D4999A}.Debug|Any CPU.Build.0 = Debug|Any CPU
		{F20B1407-2CF4-46F5-A650-154B39D4999A}.Release|Any CPU.ActiveCfg = Release|Any CPU
		{F20B1407-2CF4-46F5-A650-154B39D4999A}.Release|Any CPU.Build.0 = Release|Any CPU
	EndGlobalSection
	GlobalSection(SolutionProperties) = preSolution
		HideSolutionNode = FALSE
	EndGlobalSection
	GlobalSection(ExtensibilityGlobals) = postSolution
		SolutionGuid = {FD47C69D-9EE4-456B-A434-3B32EEDEA835}
	EndGlobalSection
EndGlobal
