
Microsoft Visual Studio Solution File, Format Version 12.00
# Visual Studio Version 17
VisualStudioVersion = 17.10.35013.160
MinimumVisualStudioVersion = 10.0.40219.1
Project("{9A19103F-16F7-4668-BE54-9A1E7A4F7556}") = "SchoolApi.API", "SchoolApi.API\SchoolApi.API.csproj", "{0E1C3814-5B66-46E2-9E23-57129E032229}"
EndProject
Project("{9A19103F-16F7-4668-BE54-9A1E7A4F7556}") = "SchoolApi.Business", "SchoolApi.Business\SchoolApi.Business.csproj", "{040E99AB-4A51-467F-BE82-AD9D90BAFE8D}"
EndProject
Project("{9A19103F-16F7-4668-BE54-9A1E7A4F7556}") = "SchoolApi.Test", "SchoolApi.Test\SchoolApi.Test.csproj", "{DF19CB34-70E6-4900-96A3-00D52F14723C}"
EndProject
Global
	GlobalSection(SolutionConfigurationPlatforms) = preSolution
		Debug|Any CPU = Debug|Any CPU
		Release|Any CPU = Release|Any CPU
	EndGlobalSection
	GlobalSection(ProjectConfigurationPlatforms) = postSolution
		{0E1C3814-5B66-46E2-9E23-57129E032229}.Debug|Any CPU.ActiveCfg = Debug|Any CPU
		{0E1C3814-5B66-46E2-9E23-57129E032229}.Debug|Any CPU.Build.0 = Debug|Any CPU
		{0E1C3814-5B66-46E2-9E23-57129E032229}.Release|Any CPU.ActiveCfg = Release|Any CPU
		{0E1C3814-5B66-46E2-9E23-57129E032229}.Release|Any CPU.Build.0 = Release|Any CPU
		{040E99AB-4A51-467F-BE82-AD9D90BAFE8D}.Debug|Any CPU.ActiveCfg = Debug|Any CPU
		{040E99AB-4A51-467F-BE82-AD9D90BAFE8D}.Debug|Any CPU.Build.0 = Debug|Any CPU
		{040E99AB-4A51-467F-BE82-AD9D90BAFE8D}.Release|Any CPU.ActiveCfg = Release|Any CPU
		{040E99AB-4A51-467F-BE82-AD9D90BAFE8D}.Release|Any CPU.Build.0 = Release|Any CPU
		{DF19CB34-70E6-4900-96A3-00D52F14723C}.Debug|Any CPU.ActiveCfg = Debug|Any CPU
		{DF19CB34-70E6-4900-96A3-00D52F14723C}.Debug|Any CPU.Build.0 = Debug|Any CPU
		{DF19CB34-70E6-4900-96A3-00D52F14723C}.Release|Any CPU.ActiveCfg = Release|Any CPU
		{DF19CB34-70E6-4900-96A3-00D52F14723C}.Release|Any CPU.Build.0 = Release|Any CPU
	EndGlobalSection
	GlobalSection(SolutionProperties) = preSolution
		HideSolutionNode = FALSE
	EndGlobalSection
	GlobalSection(ExtensibilityGlobals) = postSolution
		SolutionGuid = {001FB9BF-B033-4F9A-A2E8-48E91C65A37B}
	EndGlobalSection
EndGlobal
